
Microsoft Visual Studio Solution File, Format Version 12.00
# Visual Studio 15
VisualStudioVersion = 15.0.28307.645
MinimumVisualStudioVersion = 10.0.40219.1
Project("{FAE04EC0-301F-11D3-BF4B-00C04F79EFBC}") = "UnitTestProject", "UnitTestProject\UnitTestProject.csproj", "{D383F53A-906B-480D-9409-2443639D9EF1}"
EndProject
Global
	GlobalSection(SolutionConfigurationPlatforms) = preSolution
		Debug|Any CPU = Debug|Any CPU
		Release|Any CPU = Release|Any CPU
	EndGlobalSection
	GlobalSection(ProjectConfigurationPlatforms) = postSolution
		{D383F53A-906B-480D-9409-2443639D9EF1}.Debug|Any CPU.ActiveCfg = Debug|Any CPU
		{D383F53A-906B-480D-9409-2443639D9EF1}.Debug|Any CPU.Build.0 = Debug|Any CPU
		{D383F53A-906B-480D-9409-2443639D9EF1}.Release|Any CPU.ActiveCfg = Release|Any CPU
		{D383F53A-906B-480D-9409-2443639D9EF1}.Release|Any CPU.Build.0 = Release|Any CPU
	EndGlobalSection
	GlobalSection(SolutionProperties) = preSolution
		HideSolutionNode = FALSE
	EndGlobalSection
	GlobalSection(ExtensibilityGlobals) = postSolution
		SolutionGuid = {31861A92-3C2D-427B-9840-9E4C30BE16BF}
	EndGlobalSection
EndGlobal
